
Microsoft Visual Studio Solution File, Format Version 12.00
# Visual Studio 2012
Project("{2150E333-8FDC-42A3-9474-1A3956D46DE8}") = "Product", "Product", "{EA364CEC-C644-47AB-83F2-2ED2AA1FFDA7}"
EndProject
Project("{2150E333-8FDC-42A3-9474-1A3956D46DE8}") = "Example Projects", "Example Projects", "{7D706125-8E8B-43AD-AD69-88687DF35D05}"
EndProject
Project("{FAE04EC0-301F-11D3-BF4B-00C04F79EFBC}") = "WebApp", "WebApp Example\WebApp.csproj", "{766639A7-CD7C-4851-B0EB-38EC62D068A1}"
EndProject
Project("{FAE04EC0-301F-11D3-BF4B-00C04F79EFBC}") = "B2C-WebApi", "WebAPI Example\B2C-WebApi.csproj", "{6AB624DA-5236-42A6-A612-1670338B68EB}"
EndProject
Project("{2150E333-8FDC-42A3-9474-1A3956D46DE8}") = "Mobile App", "Mobile App", "{9E6FC226-B0EA-4FE8-9687-A1560F10DF6E}"
EndProject
Project("{FAE04EC0-301F-11D3-BF4B-00C04F79EFBC}") = "UserDetailsClient.Core", "Mobile Apps\UserDetailsClient.Core\UserDetailsClient.Core.csproj", "{A5913433-9728-4001-9F65-3090EE75617A}"
EndProject
Project("{FAE04EC0-301F-11D3-BF4B-00C04F79EFBC}") = "UserDetailsClient.Droid", "Mobile Apps\UserDetailsClient.Droid\UserDetailsClient.Droid.csproj", "{DD942D28-518D-4C06-A0D9-A7D8AB3F54E7}"
EndProject
Project("{FAE04EC0-301F-11D3-BF4B-00C04F79EFBC}") = "UserDetailsClient.iOS", "Mobile Apps\UserDetailsClient.iOS\UserDetailsClient.iOS.csproj", "{4546452D-55D8-41CA-B68B-F8D8D827EE4A}"
EndProject
Project("{2150E333-8FDC-42A3-9474-1A3956D46DE8}") = "Wireframe", "Wireframe", "{395A2F94-3B87-4FD5-AD48-9E7353102FC6}"
EndProject
Project("{FAE04EC0-301F-11D3-BF4B-00C04F79EFBC}") = "Wireframe1", "Wireframe\Wireframe1\Wireframe1.csproj", "{13E8561B-2450-4B42-B398-DD8150A64CB7}"
EndProject
Project("{FAE04EC0-301F-11D3-BF4B-00C04F79EFBC}") = "B2C-Custom-Policy-Templates", "Mobile Apps\B2C-Custom-Policy-Templates\B2C-Custom-Policy-Templates.csproj", "{BAB8653F-D6D7-4330-A776-2A88080CE572}"
EndProject
Project("{FAE04EC0-301F-11D3-BF4B-00C04F79EFBC}") = "Test", "Test\Test.csproj", "{91D71C08-8A4C-4561-A5C3-41D24ED57713}"
EndProject
Project("{2150E333-8FDC-42A3-9474-1A3956D46DE8}") = "GremlinDB", "GremlinDB", "{090B0DD9-08B3-4C7F-8F28-41C6C32B88BC}"
EndProject
Project("{FAE04EC0-301F-11D3-BF4B-00C04F79EFBC}") = "GremlinNetSample", "GremlinDBDemo\GremlinNetSample\GremlinNetSample.csproj", "{B0854D92-18C5-4008-B3F4-329B46A6F52D}"
EndProject
Project("{2150E333-8FDC-42A3-9474-1A3956D46DE8}") = "WebApp", "WebApp", "{D69FFB99-BCE0-4887-B9CE-AF64B4D08BC7}"
EndProject
Project("{FAE04EC0-301F-11D3-BF4B-00C04F79EFBC}") = "UpDiddy", "Product\WebApp\UpDiddy.csproj", "{7104B81E-11ED-454C-8161-956F5164F7B8}"
EndProject
Project("{2150E333-8FDC-42A3-9474-1A3956D46DE8}") = "API", "API", "{315188CA-2FD4-430F-BF79-1CE57DE856BA}"
EndProject
Project("{2150E333-8FDC-42A3-9474-1A3956D46DE8}") = "Library", "Library", "{889A97E1-66AA-45A7-881B-69471569D874}"
EndProject
Project("{FAE04EC0-301F-11D3-BF4B-00C04F79EFBC}") = "UpDiddyLib", "Product\UpDiddyLib\UpDiddyLib.csproj", "{7861CB23-D202-4274-9915-E626D1E26687}"
EndProject
Project("{FAE04EC0-301F-11D3-BF4B-00C04F79EFBC}") = "B2C-WebApi", "Product\API\B2C-WebApi.csproj", "{8368D51C-75B2-4ABD-9919-5118D60409AA}"
EndProject
Global
	GlobalSection(SolutionConfigurationPlatforms) = preSolution
		Debug|Any CPU = Debug|Any CPU
		Release|Any CPU = Release|Any CPU
		Debug|iPhoneSimulator = Debug|iPhoneSimulator
		Release|iPhoneSimulator = Release|iPhoneSimulator
		Debug|iPhone = Debug|iPhone
		Release|iPhone = Release|iPhone
	EndGlobalSection
	GlobalSection(ProjectConfigurationPlatforms) = postSolution
		{766639A7-CD7C-4851-B0EB-38EC62D068A1}.Debug|Any CPU.ActiveCfg = Debug|Any CPU
		{766639A7-CD7C-4851-B0EB-38EC62D068A1}.Debug|Any CPU.Build.0 = Debug|Any CPU
		{766639A7-CD7C-4851-B0EB-38EC62D068A1}.Release|Any CPU.ActiveCfg = Release|Any CPU
		{766639A7-CD7C-4851-B0EB-38EC62D068A1}.Release|Any CPU.Build.0 = Release|Any CPU
		{766639A7-CD7C-4851-B0EB-38EC62D068A1}.Debug|iPhoneSimulator.ActiveCfg = Debug|Any CPU
		{766639A7-CD7C-4851-B0EB-38EC62D068A1}.Debug|iPhoneSimulator.Build.0 = Debug|Any CPU
		{766639A7-CD7C-4851-B0EB-38EC62D068A1}.Release|iPhoneSimulator.ActiveCfg = Release|Any CPU
		{766639A7-CD7C-4851-B0EB-38EC62D068A1}.Release|iPhoneSimulator.Build.0 = Release|Any CPU
		{766639A7-CD7C-4851-B0EB-38EC62D068A1}.Debug|iPhone.ActiveCfg = Debug|Any CPU
		{766639A7-CD7C-4851-B0EB-38EC62D068A1}.Debug|iPhone.Build.0 = Debug|Any CPU
		{766639A7-CD7C-4851-B0EB-38EC62D068A1}.Release|iPhone.ActiveCfg = Release|Any CPU
		{766639A7-CD7C-4851-B0EB-38EC62D068A1}.Release|iPhone.Build.0 = Release|Any CPU
		{6AB624DA-5236-42A6-A612-1670338B68EB}.Debug|Any CPU.ActiveCfg = Debug|Any CPU
		{6AB624DA-5236-42A6-A612-1670338B68EB}.Debug|Any CPU.Build.0 = Debug|Any CPU
		{6AB624DA-5236-42A6-A612-1670338B68EB}.Release|Any CPU.ActiveCfg = Release|Any CPU
		{6AB624DA-5236-42A6-A612-1670338B68EB}.Release|Any CPU.Build.0 = Release|Any CPU
		{6AB624DA-5236-42A6-A612-1670338B68EB}.Debug|iPhoneSimulator.ActiveCfg = Debug|Any CPU
		{6AB624DA-5236-42A6-A612-1670338B68EB}.Debug|iPhoneSimulator.Build.0 = Debug|Any CPU
		{6AB624DA-5236-42A6-A612-1670338B68EB}.Release|iPhoneSimulator.ActiveCfg = Release|Any CPU
		{6AB624DA-5236-42A6-A612-1670338B68EB}.Release|iPhoneSimulator.Build.0 = Release|Any CPU
		{6AB624DA-5236-42A6-A612-1670338B68EB}.Debug|iPhone.ActiveCfg = Debug|Any CPU
		{6AB624DA-5236-42A6-A612-1670338B68EB}.Debug|iPhone.Build.0 = Debug|Any CPU
		{6AB624DA-5236-42A6-A612-1670338B68EB}.Release|iPhone.ActiveCfg = Release|Any CPU
		{6AB624DA-5236-42A6-A612-1670338B68EB}.Release|iPhone.Build.0 = Release|Any CPU
		{A5913433-9728-4001-9F65-3090EE75617A}.Debug|Any CPU.ActiveCfg = Debug|Any CPU
		{A5913433-9728-4001-9F65-3090EE75617A}.Debug|Any CPU.Build.0 = Debug|Any CPU
		{A5913433-9728-4001-9F65-3090EE75617A}.Release|Any CPU.ActiveCfg = Release|Any CPU
		{A5913433-9728-4001-9F65-3090EE75617A}.Release|Any CPU.Build.0 = Release|Any CPU
		{A5913433-9728-4001-9F65-3090EE75617A}.Debug|iPhoneSimulator.ActiveCfg = Debug|Any CPU
		{A5913433-9728-4001-9F65-3090EE75617A}.Debug|iPhoneSimulator.Build.0 = Debug|Any CPU
		{A5913433-9728-4001-9F65-3090EE75617A}.Release|iPhoneSimulator.ActiveCfg = Release|Any CPU
		{A5913433-9728-4001-9F65-3090EE75617A}.Release|iPhoneSimulator.Build.0 = Release|Any CPU
		{A5913433-9728-4001-9F65-3090EE75617A}.Debug|iPhone.ActiveCfg = Debug|Any CPU
		{A5913433-9728-4001-9F65-3090EE75617A}.Debug|iPhone.Build.0 = Debug|Any CPU
		{A5913433-9728-4001-9F65-3090EE75617A}.Release|iPhone.ActiveCfg = Release|Any CPU
		{A5913433-9728-4001-9F65-3090EE75617A}.Release|iPhone.Build.0 = Release|Any CPU
		{DD942D28-518D-4C06-A0D9-A7D8AB3F54E7}.Debug|Any CPU.ActiveCfg = Debug|Any CPU
		{DD942D28-518D-4C06-A0D9-A7D8AB3F54E7}.Debug|Any CPU.Build.0 = Debug|Any CPU
		{DD942D28-518D-4C06-A0D9-A7D8AB3F54E7}.Release|Any CPU.ActiveCfg = Release|Any CPU
		{DD942D28-518D-4C06-A0D9-A7D8AB3F54E7}.Release|Any CPU.Build.0 = Release|Any CPU
		{DD942D28-518D-4C06-A0D9-A7D8AB3F54E7}.Debug|iPhoneSimulator.ActiveCfg = Debug|Any CPU
		{DD942D28-518D-4C06-A0D9-A7D8AB3F54E7}.Debug|iPhoneSimulator.Build.0 = Debug|Any CPU
		{DD942D28-518D-4C06-A0D9-A7D8AB3F54E7}.Release|iPhoneSimulator.ActiveCfg = Release|Any CPU
		{DD942D28-518D-4C06-A0D9-A7D8AB3F54E7}.Release|iPhoneSimulator.Build.0 = Release|Any CPU
		{DD942D28-518D-4C06-A0D9-A7D8AB3F54E7}.Debug|iPhone.ActiveCfg = Debug|Any CPU
		{DD942D28-518D-4C06-A0D9-A7D8AB3F54E7}.Debug|iPhone.Build.0 = Debug|Any CPU
		{DD942D28-518D-4C06-A0D9-A7D8AB3F54E7}.Release|iPhone.ActiveCfg = Release|Any CPU
		{DD942D28-518D-4C06-A0D9-A7D8AB3F54E7}.Release|iPhone.Build.0 = Release|Any CPU
		{4546452D-55D8-41CA-B68B-F8D8D827EE4A}.Debug|Any CPU.ActiveCfg = Debug|iPhoneSimulator
		{4546452D-55D8-41CA-B68B-F8D8D827EE4A}.Debug|Any CPU.Build.0 = Debug|iPhoneSimulator
		{4546452D-55D8-41CA-B68B-F8D8D827EE4A}.Release|Any CPU.ActiveCfg = Release|iPhoneSimulator
		{4546452D-55D8-41CA-B68B-F8D8D827EE4A}.Release|Any CPU.Build.0 = Release|iPhoneSimulator
		{4546452D-55D8-41CA-B68B-F8D8D827EE4A}.Debug|iPhoneSimulator.ActiveCfg = Debug|iPhoneSimulator
		{4546452D-55D8-41CA-B68B-F8D8D827EE4A}.Debug|iPhoneSimulator.Build.0 = Debug|iPhoneSimulator
		{4546452D-55D8-41CA-B68B-F8D8D827EE4A}.Release|iPhoneSimulator.ActiveCfg = Release|iPhoneSimulator
		{4546452D-55D8-41CA-B68B-F8D8D827EE4A}.Release|iPhoneSimulator.Build.0 = Release|iPhoneSimulator
		{4546452D-55D8-41CA-B68B-F8D8D827EE4A}.Debug|iPhone.ActiveCfg = Debug|iPhone
		{4546452D-55D8-41CA-B68B-F8D8D827EE4A}.Debug|iPhone.Build.0 = Debug|iPhone
		{4546452D-55D8-41CA-B68B-F8D8D827EE4A}.Release|iPhone.ActiveCfg = Release|iPhone
		{4546452D-55D8-41CA-B68B-F8D8D827EE4A}.Release|iPhone.Build.0 = Release|iPhone
		{13E8561B-2450-4B42-B398-DD8150A64CB7}.Debug|Any CPU.ActiveCfg = Debug|Any CPU
		{13E8561B-2450-4B42-B398-DD8150A64CB7}.Debug|Any CPU.Build.0 = Debug|Any CPU
		{13E8561B-2450-4B42-B398-DD8150A64CB7}.Release|Any CPU.ActiveCfg = Release|Any CPU
		{13E8561B-2450-4B42-B398-DD8150A64CB7}.Release|Any CPU.Build.0 = Release|Any CPU
		{13E8561B-2450-4B42-B398-DD8150A64CB7}.Debug|iPhoneSimulator.ActiveCfg = Debug|Any CPU
		{13E8561B-2450-4B42-B398-DD8150A64CB7}.Debug|iPhoneSimulator.Build.0 = Debug|Any CPU
		{13E8561B-2450-4B42-B398-DD8150A64CB7}.Release|iPhoneSimulator.ActiveCfg = Release|Any CPU
		{13E8561B-2450-4B42-B398-DD8150A64CB7}.Release|iPhoneSimulator.Build.0 = Release|Any CPU
		{13E8561B-2450-4B42-B398-DD8150A64CB7}.Debug|iPhone.ActiveCfg = Debug|Any CPU
		{13E8561B-2450-4B42-B398-DD8150A64CB7}.Debug|iPhone.Build.0 = Debug|Any CPU
		{13E8561B-2450-4B42-B398-DD8150A64CB7}.Release|iPhone.ActiveCfg = Release|Any CPU
		{13E8561B-2450-4B42-B398-DD8150A64CB7}.Release|iPhone.Build.0 = Release|Any CPU
		{BAB8653F-D6D7-4330-A776-2A88080CE572}.Debug|Any CPU.ActiveCfg = Debug|Any CPU
		{BAB8653F-D6D7-4330-A776-2A88080CE572}.Debug|Any CPU.Build.0 = Debug|Any CPU
		{BAB8653F-D6D7-4330-A776-2A88080CE572}.Release|Any CPU.ActiveCfg = Release|Any CPU
		{BAB8653F-D6D7-4330-A776-2A88080CE572}.Release|Any CPU.Build.0 = Release|Any CPU
		{BAB8653F-D6D7-4330-A776-2A88080CE572}.Debug|iPhoneSimulator.ActiveCfg = Debug|Any CPU
		{BAB8653F-D6D7-4330-A776-2A88080CE572}.Debug|iPhoneSimulator.Build.0 = Debug|Any CPU
		{BAB8653F-D6D7-4330-A776-2A88080CE572}.Release|iPhoneSimulator.ActiveCfg = Release|Any CPU
		{BAB8653F-D6D7-4330-A776-2A88080CE572}.Release|iPhoneSimulator.Build.0 = Release|Any CPU
		{BAB8653F-D6D7-4330-A776-2A88080CE572}.Debug|iPhone.ActiveCfg = Debug|Any CPU
		{BAB8653F-D6D7-4330-A776-2A88080CE572}.Debug|iPhone.Build.0 = Debug|Any CPU
		{BAB8653F-D6D7-4330-A776-2A88080CE572}.Release|iPhone.ActiveCfg = Release|Any CPU
		{BAB8653F-D6D7-4330-A776-2A88080CE572}.Release|iPhone.Build.0 = Release|Any CPU
		{91D71C08-8A4C-4561-A5C3-41D24ED57713}.Debug|Any CPU.ActiveCfg = Debug|Any CPU
		{91D71C08-8A4C-4561-A5C3-41D24ED57713}.Debug|Any CPU.Build.0 = Debug|Any CPU
		{91D71C08-8A4C-4561-A5C3-41D24ED57713}.Release|Any CPU.ActiveCfg = Release|Any CPU
		{91D71C08-8A4C-4561-A5C3-41D24ED57713}.Release|Any CPU.Build.0 = Release|Any CPU
		{91D71C08-8A4C-4561-A5C3-41D24ED57713}.Debug|iPhoneSimulator.ActiveCfg = Debug|Any CPU
		{91D71C08-8A4C-4561-A5C3-41D24ED57713}.Debug|iPhoneSimulator.Build.0 = Debug|Any CPU
		{91D71C08-8A4C-4561-A5C3-41D24ED57713}.Release|iPhoneSimulator.ActiveCfg = Release|Any CPU
		{91D71C08-8A4C-4561-A5C3-41D24ED57713}.Release|iPhoneSimulator.Build.0 = Release|Any CPU
		{91D71C08-8A4C-4561-A5C3-41D24ED57713}.Debug|iPhone.ActiveCfg = Debug|Any CPU
		{91D71C08-8A4C-4561-A5C3-41D24ED57713}.Debug|iPhone.Build.0 = Debug|Any CPU
		{91D71C08-8A4C-4561-A5C3-41D24ED57713}.Release|iPhone.ActiveCfg = Release|Any CPU
		{91D71C08-8A4C-4561-A5C3-41D24ED57713}.Release|iPhone.Build.0 = Release|Any CPU
		{B0854D92-18C5-4008-B3F4-329B46A6F52D}.Debug|Any CPU.ActiveCfg = Debug|Any CPU
		{B0854D92-18C5-4008-B3F4-329B46A6F52D}.Debug|Any CPU.Build.0 = Debug|Any CPU
		{B0854D92-18C5-4008-B3F4-329B46A6F52D}.Release|Any CPU.ActiveCfg = Release|Any CPU
		{B0854D92-18C5-4008-B3F4-329B46A6F52D}.Release|Any CPU.Build.0 = Release|Any CPU
		{B0854D92-18C5-4008-B3F4-329B46A6F52D}.Debug|iPhoneSimulator.ActiveCfg = Debug|Any CPU
		{B0854D92-18C5-4008-B3F4-329B46A6F52D}.Debug|iPhoneSimulator.Build.0 = Debug|Any CPU
		{B0854D92-18C5-4008-B3F4-329B46A6F52D}.Release|iPhoneSimulator.ActiveCfg = Release|Any CPU
		{B0854D92-18C5-4008-B3F4-329B46A6F52D}.Release|iPhoneSimulator.Build.0 = Release|Any CPU
		{B0854D92-18C5-4008-B3F4-329B46A6F52D}.Debug|iPhone.ActiveCfg = Debug|Any CPU
		{B0854D92-18C5-4008-B3F4-329B46A6F52D}.Debug|iPhone.Build.0 = Debug|Any CPU
		{B0854D92-18C5-4008-B3F4-329B46A6F52D}.Release|iPhone.ActiveCfg = Release|Any CPU
		{B0854D92-18C5-4008-B3F4-329B46A6F52D}.Release|iPhone.Build.0 = Release|Any CPU
		{7104B81E-11ED-454C-8161-956F5164F7B8}.Debug|Any CPU.ActiveCfg = Debug|Any CPU
		{7104B81E-11ED-454C-8161-956F5164F7B8}.Debug|Any CPU.Build.0 = Debug|Any CPU
		{7104B81E-11ED-454C-8161-956F5164F7B8}.Release|Any CPU.ActiveCfg = Release|Any CPU
		{7104B81E-11ED-454C-8161-956F5164F7B8}.Release|Any CPU.Build.0 = Release|Any CPU
		{7104B81E-11ED-454C-8161-956F5164F7B8}.Debug|iPhoneSimulator.ActiveCfg = Debug|Any CPU
		{7104B81E-11ED-454C-8161-956F5164F7B8}.Debug|iPhoneSimulator.Build.0 = Debug|Any CPU
		{7104B81E-11ED-454C-8161-956F5164F7B8}.Release|iPhoneSimulator.ActiveCfg = Release|Any CPU
		{7104B81E-11ED-454C-8161-956F5164F7B8}.Release|iPhoneSimulator.Build.0 = Release|Any CPU
		{7104B81E-11ED-454C-8161-956F5164F7B8}.Debug|iPhone.ActiveCfg = Debug|Any CPU
		{7104B81E-11ED-454C-8161-956F5164F7B8}.Debug|iPhone.Build.0 = Debug|Any CPU
		{7104B81E-11ED-454C-8161-956F5164F7B8}.Release|iPhone.ActiveCfg = Release|Any CPU
		{7104B81E-11ED-454C-8161-956F5164F7B8}.Release|iPhone.Build.0 = Release|Any CPU
		{7861CB23-D202-4274-9915-E626D1E26687}.Debug|Any CPU.ActiveCfg = Debug|Any CPU
		{7861CB23-D202-4274-9915-E626D1E26687}.Debug|Any CPU.Build.0 = Debug|Any CPU
		{7861CB23-D202-4274-9915-E626D1E26687}.Release|Any CPU.ActiveCfg = Release|Any CPU
		{7861CB23-D202-4274-9915-E626D1E26687}.Release|Any CPU.Build.0 = Release|Any CPU
		{7861CB23-D202-4274-9915-E626D1E26687}.Debug|iPhoneSimulator.ActiveCfg = Debug|Any CPU
		{7861CB23-D202-4274-9915-E626D1E26687}.Debug|iPhoneSimulator.Build.0 = Debug|Any CPU
		{7861CB23-D202-4274-9915-E626D1E26687}.Release|iPhoneSimulator.ActiveCfg = Release|Any CPU
		{7861CB23-D202-4274-9915-E626D1E26687}.Release|iPhoneSimulator.Build.0 = Release|Any CPU
		{7861CB23-D202-4274-9915-E626D1E26687}.Debug|iPhone.ActiveCfg = Debug|Any CPU
		{7861CB23-D202-4274-9915-E626D1E26687}.Debug|iPhone.Build.0 = Debug|Any CPU
		{7861CB23-D202-4274-9915-E626D1E26687}.Release|iPhone.ActiveCfg = Release|Any CPU
		{7861CB23-D202-4274-9915-E626D1E26687}.Release|iPhone.Build.0 = Release|Any CPU
		{8368D51C-75B2-4ABD-9919-5118D60409AA}.Debug|Any CPU.ActiveCfg = Debug|Any CPU
		{8368D51C-75B2-4ABD-9919-5118D60409AA}.Debug|Any CPU.Build.0 = Debug|Any CPU
		{8368D51C-75B2-4ABD-9919-5118D60409AA}.Release|Any CPU.ActiveCfg = Release|Any CPU
		{8368D51C-75B2-4ABD-9919-5118D60409AA}.Release|Any CPU.Build.0 = Release|Any CPU
		{8368D51C-75B2-4ABD-9919-5118D60409AA}.Debug|iPhoneSimulator.ActiveCfg = Debug|Any CPU
		{8368D51C-75B2-4ABD-9919-5118D60409AA}.Debug|iPhoneSimulator.Build.0 = Debug|Any CPU
		{8368D51C-75B2-4ABD-9919-5118D60409AA}.Release|iPhoneSimulator.ActiveCfg = Release|Any CPU
		{8368D51C-75B2-4ABD-9919-5118D60409AA}.Release|iPhoneSimulator.Build.0 = Release|Any CPU
		{8368D51C-75B2-4ABD-9919-5118D60409AA}.Debug|iPhone.ActiveCfg = Debug|Any CPU
		{8368D51C-75B2-4ABD-9919-5118D60409AA}.Debug|iPhone.Build.0 = Debug|Any CPU
		{8368D51C-75B2-4ABD-9919-5118D60409AA}.Release|iPhone.ActiveCfg = Release|Any CPU
		{8368D51C-75B2-4ABD-9919-5118D60409AA}.Release|iPhone.Build.0 = Release|Any CPU
	EndGlobalSection
	GlobalSection(NestedProjects) = preSolution
		{766639A7-CD7C-4851-B0EB-38EC62D068A1} = {7D706125-8E8B-43AD-AD69-88687DF35D05}
		{6AB624DA-5236-42A6-A612-1670338B68EB} = {7D706125-8E8B-43AD-AD69-88687DF35D05}
		{9E6FC226-B0EA-4FE8-9687-A1560F10DF6E} = {7D706125-8E8B-43AD-AD69-88687DF35D05}
		{A5913433-9728-4001-9F65-3090EE75617A} = {9E6FC226-B0EA-4FE8-9687-A1560F10DF6E}
		{DD942D28-518D-4C06-A0D9-A7D8AB3F54E7} = {9E6FC226-B0EA-4FE8-9687-A1560F10DF6E}
		{4546452D-55D8-41CA-B68B-F8D8D827EE4A} = {9E6FC226-B0EA-4FE8-9687-A1560F10DF6E}
		{13E8561B-2450-4B42-B398-DD8150A64CB7} = {395A2F94-3B87-4FD5-AD48-9E7353102FC6}
		{BAB8653F-D6D7-4330-A776-2A88080CE572} = {7D706125-8E8B-43AD-AD69-88687DF35D05}
		{91D71C08-8A4C-4561-A5C3-41D24ED57713} = {7D706125-8E8B-43AD-AD69-88687DF35D05}
		{090B0DD9-08B3-4C7F-8F28-41C6C32B88BC} = {7D706125-8E8B-43AD-AD69-88687DF35D05}
		{B0854D92-18C5-4008-B3F4-329B46A6F52D} = {090B0DD9-08B3-4C7F-8F28-41C6C32B88BC}
		{D69FFB99-BCE0-4887-B9CE-AF64B4D08BC7} = {EA364CEC-C644-47AB-83F2-2ED2AA1FFDA7}
		{7104B81E-11ED-454C-8161-956F5164F7B8} = {D69FFB99-BCE0-4887-B9CE-AF64B4D08BC7}
		{315188CA-2FD4-430F-BF79-1CE57DE856BA} = {EA364CEC-C644-47AB-83F2-2ED2AA1FFDA7}
		{889A97E1-66AA-45A7-881B-69471569D874} = {EA364CEC-C644-47AB-83F2-2ED2AA1FFDA7}
		{7861CB23-D202-4274-9915-E626D1E26687} = {889A97E1-66AA-45A7-881B-69471569D874}
		{8368D51C-75B2-4ABD-9919-5118D60409AA} = {315188CA-2FD4-430F-BF79-1CE57DE856BA}
	EndGlobalSection
EndGlobal
