
Microsoft Visual Studio Solution File, Format Version 12.00
# Visual Studio 2012
Project("{2150E333-8FDC-42A3-9474-1A3956D46DE8}") = "Product", "Product", "{EA364CEC-C644-47AB-83F2-2ED2AA1FFDA7}"
EndProject
Project("{2150E333-8FDC-42A3-9474-1A3956D46DE8}") = "Example Projects", "Example Projects", "{7D706125-8E8B-43AD-AD69-88687DF35D05}"
EndProject
Project("{FAE04EC0-301F-11D3-BF4B-00C04F79EFBC}") = "WebApp", "WebApp Example\WebApp.csproj", "{766639A7-CD7C-4851-B0EB-38EC62D068A1}"
EndProject
Project("{FAE04EC0-301F-11D3-BF4B-00C04F79EFBC}") = "B2C-WebApi", "WebAPI Example\B2C-WebApi.csproj", "{6AB624DA-5236-42A6-A612-1670338B68EB}"
EndProject
Project("{2150E333-8FDC-42A3-9474-1A3956D46DE8}") = "Mobile App", "Mobile App", "{9E6FC226-B0EA-4FE8-9687-A1560F10DF6E}"
EndProject
Project("{FAE04EC0-301F-11D3-BF4B-00C04F79EFBC}") = "UserDetailsClient.Core", "Mobile Apps\UserDetailsClient.Core\UserDetailsClient.Core.csproj", "{A5913433-9728-4001-9F65-3090EE75617A}"
EndProject
Project("{FAE04EC0-301F-11D3-BF4B-00C04F79EFBC}") = "UserDetailsClient.Droid", "Mobile Apps\UserDetailsClient.Droid\UserDetailsClient.Droid.csproj", "{DD942D28-518D-4C06-A0D9-A7D8AB3F54E7}"
EndProject
Project("{FAE04EC0-301F-11D3-BF4B-00C04F79EFBC}") = "UserDetailsClient.iOS", "Mobile Apps\UserDetailsClient.iOS\UserDetailsClient.iOS.csproj", "{4546452D-55D8-41CA-B68B-F8D8D827EE4A}"
EndProject
Project("{2150E333-8FDC-42A3-9474-1A3956D46DE8}") = "Wireframe", "Wireframe", "{395A2F94-3B87-4FD5-AD48-9E7353102FC6}"
EndProject
Project("{FAE04EC0-301F-11D3-BF4B-00C04F79EFBC}") = "Wireframe1", "Wireframe\Wireframe1\Wireframe1.csproj", "{91D3961F-9D63-4F56-A5C4-AF1CCB301129}"
EndProject
Global
	GlobalSection(SolutionConfigurationPlatforms) = preSolution
		Debug|Any CPU = Debug|Any CPU
		Release|Any CPU = Release|Any CPU
		Debug|iPhoneSimulator = Debug|iPhoneSimulator
		Release|iPhoneSimulator = Release|iPhoneSimulator
		Debug|iPhone = Debug|iPhone
		Release|iPhone = Release|iPhone
	EndGlobalSection
	GlobalSection(ProjectConfigurationPlatforms) = postSolution
		{766639A7-CD7C-4851-B0EB-38EC62D068A1}.Debug|Any CPU.ActiveCfg = Debug|Any CPU
		{766639A7-CD7C-4851-B0EB-38EC62D068A1}.Debug|Any CPU.Build.0 = Debug|Any CPU
		{766639A7-CD7C-4851-B0EB-38EC62D068A1}.Release|Any CPU.ActiveCfg = Release|Any CPU
		{766639A7-CD7C-4851-B0EB-38EC62D068A1}.Release|Any CPU.Build.0 = Release|Any CPU
		{766639A7-CD7C-4851-B0EB-38EC62D068A1}.Debug|iPhoneSimulator.ActiveCfg = Debug|Any CPU
		{766639A7-CD7C-4851-B0EB-38EC62D068A1}.Debug|iPhoneSimulator.Build.0 = Debug|Any CPU
		{766639A7-CD7C-4851-B0EB-38EC62D068A1}.Release|iPhoneSimulator.ActiveCfg = Release|Any CPU
		{766639A7-CD7C-4851-B0EB-38EC62D068A1}.Release|iPhoneSimulator.Build.0 = Release|Any CPU
		{766639A7-CD7C-4851-B0EB-38EC62D068A1}.Debug|iPhone.ActiveCfg = Debug|Any CPU
		{766639A7-CD7C-4851-B0EB-38EC62D068A1}.Debug|iPhone.Build.0 = Debug|Any CPU
		{766639A7-CD7C-4851-B0EB-38EC62D068A1}.Release|iPhone.ActiveCfg = Release|Any CPU
		{766639A7-CD7C-4851-B0EB-38EC62D068A1}.Release|iPhone.Build.0 = Release|Any CPU
		{6AB624DA-5236-42A6-A612-1670338B68EB}.Debug|Any CPU.ActiveCfg = Debug|Any CPU
		{6AB624DA-5236-42A6-A612-1670338B68EB}.Debug|Any CPU.Build.0 = Debug|Any CPU
		{6AB624DA-5236-42A6-A612-1670338B68EB}.Release|Any CPU.ActiveCfg = Release|Any CPU
		{6AB624DA-5236-42A6-A612-1670338B68EB}.Release|Any CPU.Build.0 = Release|Any CPU
		{6AB624DA-5236-42A6-A612-1670338B68EB}.Debug|iPhoneSimulator.ActiveCfg = Debug|Any CPU
		{6AB624DA-5236-42A6-A612-1670338B68EB}.Debug|iPhoneSimulator.Build.0 = Debug|Any CPU
		{6AB624DA-5236-42A6-A612-1670338B68EB}.Release|iPhoneSimulator.ActiveCfg = Release|Any CPU
		{6AB624DA-5236-42A6-A612-1670338B68EB}.Release|iPhoneSimulator.Build.0 = Release|Any CPU
		{6AB624DA-5236-42A6-A612-1670338B68EB}.Debug|iPhone.ActiveCfg = Debug|Any CPU
		{6AB624DA-5236-42A6-A612-1670338B68EB}.Debug|iPhone.Build.0 = Debug|Any CPU
		{6AB624DA-5236-42A6-A612-1670338B68EB}.Release|iPhone.ActiveCfg = Release|Any CPU
		{6AB624DA-5236-42A6-A612-1670338B68EB}.Release|iPhone.Build.0 = Release|Any CPU
		{A5913433-9728-4001-9F65-3090EE75617A}.Debug|Any CPU.ActiveCfg = Debug|Any CPU
		{A5913433-9728-4001-9F65-3090EE75617A}.Debug|Any CPU.Build.0 = Debug|Any CPU
		{A5913433-9728-4001-9F65-3090EE75617A}.Release|Any CPU.ActiveCfg = Release|Any CPU
		{A5913433-9728-4001-9F65-3090EE75617A}.Release|Any CPU.Build.0 = Release|Any CPU
		{A5913433-9728-4001-9F65-3090EE75617A}.Debug|iPhoneSimulator.ActiveCfg = Debug|Any CPU
		{A5913433-9728-4001-9F65-3090EE75617A}.Debug|iPhoneSimulator.Build.0 = Debug|Any CPU
		{A5913433-9728-4001-9F65-3090EE75617A}.Release|iPhoneSimulator.ActiveCfg = Release|Any CPU
		{A5913433-9728-4001-9F65-3090EE75617A}.Release|iPhoneSimulator.Build.0 = Release|Any CPU
		{A5913433-9728-4001-9F65-3090EE75617A}.Debug|iPhone.ActiveCfg = Debug|Any CPU
		{A5913433-9728-4001-9F65-3090EE75617A}.Debug|iPhone.Build.0 = Debug|Any CPU
		{A5913433-9728-4001-9F65-3090EE75617A}.Release|iPhone.ActiveCfg = Release|Any CPU
		{A5913433-9728-4001-9F65-3090EE75617A}.Release|iPhone.Build.0 = Release|Any CPU
		{DD942D28-518D-4C06-A0D9-A7D8AB3F54E7}.Debug|Any CPU.ActiveCfg = Debug|Any CPU
		{DD942D28-518D-4C06-A0D9-A7D8AB3F54E7}.Debug|Any CPU.Build.0 = Debug|Any CPU
		{DD942D28-518D-4C06-A0D9-A7D8AB3F54E7}.Release|Any CPU.ActiveCfg = Release|Any CPU
		{DD942D28-518D-4C06-A0D9-A7D8AB3F54E7}.Release|Any CPU.Build.0 = Release|Any CPU
		{DD942D28-518D-4C06-A0D9-A7D8AB3F54E7}.Debug|iPhoneSimulator.ActiveCfg = Debug|Any CPU
		{DD942D28-518D-4C06-A0D9-A7D8AB3F54E7}.Debug|iPhoneSimulator.Build.0 = Debug|Any CPU
		{DD942D28-518D-4C06-A0D9-A7D8AB3F54E7}.Release|iPhoneSimulator.ActiveCfg = Release|Any CPU
		{DD942D28-518D-4C06-A0D9-A7D8AB3F54E7}.Release|iPhoneSimulator.Build.0 = Release|Any CPU
		{DD942D28-518D-4C06-A0D9-A7D8AB3F54E7}.Debug|iPhone.ActiveCfg = Debug|Any CPU
		{DD942D28-518D-4C06-A0D9-A7D8AB3F54E7}.Debug|iPhone.Build.0 = Debug|Any CPU
		{DD942D28-518D-4C06-A0D9-A7D8AB3F54E7}.Release|iPhone.ActiveCfg = Release|Any CPU
		{DD942D28-518D-4C06-A0D9-A7D8AB3F54E7}.Release|iPhone.Build.0 = Release|Any CPU
		{4546452D-55D8-41CA-B68B-F8D8D827EE4A}.Debug|Any CPU.ActiveCfg = Debug|iPhoneSimulator
		{4546452D-55D8-41CA-B68B-F8D8D827EE4A}.Debug|Any CPU.Build.0 = Debug|iPhoneSimulator
		{4546452D-55D8-41CA-B68B-F8D8D827EE4A}.Release|Any CPU.ActiveCfg = Release|iPhoneSimulator
		{4546452D-55D8-41CA-B68B-F8D8D827EE4A}.Release|Any CPU.Build.0 = Release|iPhoneSimulator
		{4546452D-55D8-41CA-B68B-F8D8D827EE4A}.Debug|iPhoneSimulator.ActiveCfg = Debug|iPhoneSimulator
		{4546452D-55D8-41CA-B68B-F8D8D827EE4A}.Debug|iPhoneSimulator.Build.0 = Debug|iPhoneSimulator
		{4546452D-55D8-41CA-B68B-F8D8D827EE4A}.Release|iPhoneSimulator.ActiveCfg = Release|iPhoneSimulator
		{4546452D-55D8-41CA-B68B-F8D8D827EE4A}.Release|iPhoneSimulator.Build.0 = Release|iPhoneSimulator
		{4546452D-55D8-41CA-B68B-F8D8D827EE4A}.Debug|iPhone.ActiveCfg = Debug|iPhone
		{4546452D-55D8-41CA-B68B-F8D8D827EE4A}.Debug|iPhone.Build.0 = Debug|iPhone
		{4546452D-55D8-41CA-B68B-F8D8D827EE4A}.Release|iPhone.ActiveCfg = Release|iPhone
		{4546452D-55D8-41CA-B68B-F8D8D827EE4A}.Release|iPhone.Build.0 = Release|iPhone
		{91D3961F-9D63-4F56-A5C4-AF1CCB301129}.Debug|Any CPU.ActiveCfg = Debug|Any CPU
		{91D3961F-9D63-4F56-A5C4-AF1CCB301129}.Debug|Any CPU.Build.0 = Debug|Any CPU
		{91D3961F-9D63-4F56-A5C4-AF1CCB301129}.Release|Any CPU.ActiveCfg = Release|Any CPU
		{91D3961F-9D63-4F56-A5C4-AF1CCB301129}.Release|Any CPU.Build.0 = Release|Any CPU
		{91D3961F-9D63-4F56-A5C4-AF1CCB301129}.Debug|iPhoneSimulator.ActiveCfg = Debug|Any CPU
		{91D3961F-9D63-4F56-A5C4-AF1CCB301129}.Debug|iPhoneSimulator.Build.0 = Debug|Any CPU
		{91D3961F-9D63-4F56-A5C4-AF1CCB301129}.Release|iPhoneSimulator.ActiveCfg = Release|Any CPU
		{91D3961F-9D63-4F56-A5C4-AF1CCB301129}.Release|iPhoneSimulator.Build.0 = Release|Any CPU
		{91D3961F-9D63-4F56-A5C4-AF1CCB301129}.Debug|iPhone.ActiveCfg = Debug|Any CPU
		{91D3961F-9D63-4F56-A5C4-AF1CCB301129}.Debug|iPhone.Build.0 = Debug|Any CPU
		{91D3961F-9D63-4F56-A5C4-AF1CCB301129}.Release|iPhone.ActiveCfg = Release|Any CPU
		{91D3961F-9D63-4F56-A5C4-AF1CCB301129}.Release|iPhone.Build.0 = Release|Any CPU
	EndGlobalSection
	GlobalSection(NestedProjects) = preSolution
		{766639A7-CD7C-4851-B0EB-38EC62D068A1} = {7D706125-8E8B-43AD-AD69-88687DF35D05}
		{6AB624DA-5236-42A6-A612-1670338B68EB} = {7D706125-8E8B-43AD-AD69-88687DF35D05}
		{9E6FC226-B0EA-4FE8-9687-A1560F10DF6E} = {7D706125-8E8B-43AD-AD69-88687DF35D05}
		{A5913433-9728-4001-9F65-3090EE75617A} = {9E6FC226-B0EA-4FE8-9687-A1560F10DF6E}
		{DD942D28-518D-4C06-A0D9-A7D8AB3F54E7} = {9E6FC226-B0EA-4FE8-9687-A1560F10DF6E}
		{4546452D-55D8-41CA-B68B-F8D8D827EE4A} = {9E6FC226-B0EA-4FE8-9687-A1560F10DF6E}
		{91D3961F-9D63-4F56-A5C4-AF1CCB301129} = {395A2F94-3B87-4FD5-AD48-9E7353102FC6}
	EndGlobalSection
EndGlobal
